// !$*UTF8*$!
{
	archiveVersion = 1;
	classes = {
	};
	objectVersion = 46;
	objects = {

/* Begin PBXBuildFile section */
		36653475B0450CD6934FF801 /* Pods_YHReLoadTableView.framework in Frameworks */ = {isa = PBXBuildFile; fileRef = F511C438C5CF3062C213A4C5 /* Pods_YHReLoadTableView.framework */; };
		F65C00BB13D0545E0DB372E0 /* Pods_YHReLoadTableViewTests.framework in Frameworks */ = {isa = PBXBuildFile; fileRef = C55D5AE2E3949EF12C7015F3 /* Pods_YHReLoadTableViewTests.framework */; };
		F8AEFB1F1E25284D00B67B5D /* Assets.xcassets in Resources */ = {isa = PBXBuildFile; fileRef = F8AEFB1E1E25284D00B67B5D /* Assets.xcassets */; };
		F8AEFB221E25284D00B67B5D /* LaunchScreen.storyboard in Resources */ = {isa = PBXBuildFile; fileRef = F8AEFB201E25284D00B67B5D /* LaunchScreen.storyboard */; };
		F8AEFB2D1E25284D00B67B5D /* YHReLoadTableViewTests.swift in Sources */ = {isa = PBXBuildFile; fileRef = F8AEFB2C1E25284D00B67B5D /* YHReLoadTableViewTests.swift */; };
		F8AEFB381E25288400B67B5D /* Main.storyboard in Resources */ = {isa = PBXBuildFile; fileRef = F8AEFB371E25288400B67B5D /* Main.storyboard */; };
		F8AEFB491E2528A300B67B5D /* TabViewController2.swift in Sources */ = {isa = PBXBuildFile; fileRef = F8AEFB3B1E2528A300B67B5D /* TabViewController2.swift */; };
		F8AEFB4A1E2528A300B67B5D /* model1.swift in Sources */ = {isa = PBXBuildFile; fileRef = F8AEFB3D1E2528A300B67B5D /* model1.swift */; };
		F8AEFB4C1E2528A300B67B5D /* Model2.swift in Sources */ = {isa = PBXBuildFile; fileRef = F8AEFB3F1E2528A300B67B5D /* Model2.swift */; };
		F8AEFB4D1E2528A300B67B5D /* TableViewController1.swift in Sources */ = {isa = PBXBuildFile; fileRef = F8AEFB401E2528A300B67B5D /* TableViewController1.swift */; };
		F8AEFB531E2528A300B67B5D /* YHcell1.swift in Sources */ = {isa = PBXBuildFile; fileRef = F8AEFB461E2528A300B67B5D /* YHcell1.swift */; };
		F8AEFB541E2528A300B67B5D /* YHTableViewCell.swift in Sources */ = {isa = PBXBuildFile; fileRef = F8AEFB471E2528A300B67B5D /* YHTableViewCell.swift */; };
		F8AEFB5A1E252BC400B67B5D /* YHTableViewCell.xib in Resources */ = {isa = PBXBuildFile; fileRef = F8AEFB591E252BC400B67B5D /* YHTableViewCell.xib */; };
		F8AEFB661E253EE600B67B5D /* NSObjectExtension.swift in Sources */ = {isa = PBXBuildFile; fileRef = F8AEFB5D1E253EE600B67B5D /* NSObjectExtension.swift */; };
		F8AEFB671E253EE600B67B5D /* WLRequestTool.swift in Sources */ = {isa = PBXBuildFile; fileRef = F8AEFB5E1E253EE600B67B5D /* WLRequestTool.swift */; };
		F8AEFB681E253EE600B67B5D /* AppDelegate.swift in Sources */ = {isa = PBXBuildFile; fileRef = F8AEFB601E253EE600B67B5D /* AppDelegate.swift */; };
		F8AEFB691E253EE600B67B5D /* ViewController.swift in Sources */ = {isa = PBXBuildFile; fileRef = F8AEFB611E253EE600B67B5D /* ViewController.swift */; };
		F8AEFB6A1E253EE600B67B5D /* YHBaseModel.swift in Sources */ = {isa = PBXBuildFile; fileRef = F8AEFB631E253EE600B67B5D /* YHBaseModel.swift */; };
		F8AEFB6B1E253EE600B67B5D /* YHBaseTableVIewCell.swift in Sources */ = {isa = PBXBuildFile; fileRef = F8AEFB641E253EE600B67B5D /* YHBaseTableVIewCell.swift */; };
		F8AEFB6C1E253EE600B67B5D /* YHBaseTabLoadVIew.swift in Sources */ = {isa = PBXBuildFile; fileRef = F8AEFB651E253EE600B67B5D /* YHBaseTabLoadVIew.swift */; };
/* End PBXBuildFile section */

/* Begin PBXContainerItemProxy section */
		F8AEFB291E25284D00B67B5D /* PBXContainerItemProxy */ = {
			isa = PBXContainerItemProxy;
			containerPortal = F8AEFB0C1E25284D00B67B5D /* Project object */;
			proxyType = 1;
			remoteGlobalIDString = F8AEFB131E25284D00B67B5D;
			remoteInfo = YHReLoadTableView;
		};
/* End PBXContainerItemProxy section */

/* Begin PBXFileReference section */
		0AAA988CD99456AE05386A22 /* Pods-YHReLoadTableView.release.xcconfig */ = {isa = PBXFileReference; includeInIndex = 1; lastKnownFileType = text.xcconfig; name = "Pods-YHReLoadTableView.release.xcconfig"; path = "Pods/Target Support Files/Pods-YHReLoadTableView/Pods-YHReLoadTableView.release.xcconfig"; sourceTree = "<group>"; };
		1A6AC55E0E24C3BABDFD7226 /* Pods-YHReLoadTableViewTests.release.xcconfig */ = {isa = PBXFileReference; includeInIndex = 1; lastKnownFileType = text.xcconfig; name = "Pods-YHReLoadTableViewTests.release.xcconfig"; path = "Pods/Target Support Files/Pods-YHReLoadTableViewTests/Pods-YHReLoadTableViewTests.release.xcconfig"; sourceTree = "<group>"; };
		761A99CD4474EF5ACD180B88 /* Pods-YHReLoadTableView.debug.xcconfig */ = {isa = PBXFileReference; includeInIndex = 1; lastKnownFileType = text.xcconfig; name = "Pods-YHReLoadTableView.debug.xcconfig"; path = "Pods/Target Support Files/Pods-YHReLoadTableView/Pods-YHReLoadTableView.debug.xcconfig"; sourceTree = "<group>"; };
		BB534844724649B6CDB30D2F /* Pods-YHReLoadTableViewTests.debug.xcconfig */ = {isa = PBXFileReference; includeInIndex = 1; lastKnownFileType = text.xcconfig; name = "Pods-YHReLoadTableViewTests.debug.xcconfig"; path = "Pods/Target Support Files/Pods-YHReLoadTableViewTests/Pods-YHReLoadTableViewTests.debug.xcconfig"; sourceTree = "<group>"; };
		C55D5AE2E3949EF12C7015F3 /* Pods_YHReLoadTableViewTests.framework */ = {isa = PBXFileReference; explicitFileType = wrapper.framework; includeInIndex = 0; path = Pods_YHReLoadTableViewTests.framework; sourceTree = BUILT_PRODUCTS_DIR; };
		F511C438C5CF3062C213A4C5 /* Pods_YHReLoadTableView.framework */ = {isa = PBXFileReference; explicitFileType = wrapper.framework; includeInIndex = 0; path = Pods_YHReLoadTableView.framework; sourceTree = BUILT_PRODUCTS_DIR; };
		F8AEFB141E25284D00B67B5D /* YHReLoadTableView.app */ = {isa = PBXFileReference; explicitFileType = wrapper.application; includeInIndex = 0; path = YHReLoadTableView.app; sourceTree = BUILT_PRODUCTS_DIR; };
		F8AEFB1E1E25284D00B67B5D /* Assets.xcassets */ = {isa = PBXFileReference; lastKnownFileType = folder.assetcatalog; path = Assets.xcassets; sourceTree = "<group>"; };
		F8AEFB211E25284D00B67B5D /* Base */ = {isa = PBXFileReference; lastKnownFileType = file.storyboard; name = Base; path = Base.lproj/LaunchScreen.storyboard; sourceTree = "<group>"; };
		F8AEFB231E25284D00B67B5D /* Info.plist */ = {isa = PBXFileReference; lastKnownFileType = text.plist.xml; path = Info.plist; sourceTree = "<group>"; };
		F8AEFB281E25284D00B67B5D /* YHReLoadTableViewTests.xctest */ = {isa = PBXFileReference; explicitFileType = wrapper.cfbundle; includeInIndex = 0; path = YHReLoadTableViewTests.xctest; sourceTree = BUILT_PRODUCTS_DIR; };
		F8AEFB2C1E25284D00B67B5D /* YHReLoadTableViewTests.swift */ = {isa = PBXFileReference; lastKnownFileType = sourcecode.swift; path = YHReLoadTableViewTests.swift; sourceTree = "<group>"; };
		F8AEFB2E1E25284D00B67B5D /* Info.plist */ = {isa = PBXFileReference; lastKnownFileType = text.plist.xml; path = Info.plist; sourceTree = "<group>"; };
		F8AEFB371E25288400B67B5D /* Main.storyboard */ = {isa = PBXFileReference; fileEncoding = 4; lastKnownFileType = file.storyboard; path = Main.storyboard; sourceTree = "<group>"; };
		F8AEFB3B1E2528A300B67B5D /* TabViewController2.swift */ = {isa = PBXFileReference; fileEncoding = 4; lastKnownFileType = sourcecode.swift; path = TabViewController2.swift; sourceTree = "<group>"; };
		F8AEFB3C1E2528A300B67B5D /* YHReLoadTableView-Bridging-Header.h */ = {isa = PBXFileReference; fileEncoding = 4; lastKnownFileType = sourcecode.c.h; path = "YHReLoadTableView-Bridging-Header.h"; sourceTree = "<group>"; };
		F8AEFB3D1E2528A300B67B5D /* model1.swift */ = {isa = PBXFileReference; fileEncoding = 4; lastKnownFileType = sourcecode.swift; path = model1.swift; sourceTree = "<group>"; };
		F8AEFB3F1E2528A300B67B5D /* Model2.swift */ = {isa = PBXFileReference; fileEncoding = 4; lastKnownFileType = sourcecode.swift; path = Model2.swift; sourceTree = "<group>"; };
		F8AEFB401E2528A300B67B5D /* TableViewController1.swift */ = {isa = PBXFileReference; fileEncoding = 4; lastKnownFileType = sourcecode.swift; path = TableViewController1.swift; sourceTree = "<group>"; };
		F8AEFB461E2528A300B67B5D /* YHcell1.swift */ = {isa = PBXFileReference; fileEncoding = 4; lastKnownFileType = sourcecode.swift; path = YHcell1.swift; sourceTree = "<group>"; };
		F8AEFB471E2528A300B67B5D /* YHTableViewCell.swift */ = {isa = PBXFileReference; fileEncoding = 4; lastKnownFileType = sourcecode.swift; path = YHTableViewCell.swift; sourceTree = "<group>"; };
		F8AEFB591E252BC400B67B5D /* YHTableViewCell.xib */ = {isa = PBXFileReference; fileEncoding = 4; lastKnownFileType = file.xib; path = YHTableViewCell.xib; sourceTree = "<group>"; };
		F8AEFB5D1E253EE600B67B5D /* NSObjectExtension.swift */ = {isa = PBXFileReference; fileEncoding = 4; lastKnownFileType = sourcecode.swift; path = NSObjectExtension.swift; sourceTree = "<group>"; };
		F8AEFB5E1E253EE600B67B5D /* WLRequestTool.swift */ = {isa = PBXFileReference; fileEncoding = 4; lastKnownFileType = sourcecode.swift; path = WLRequestTool.swift; sourceTree = "<group>"; };
		F8AEFB601E253EE600B67B5D /* AppDelegate.swift */ = {isa = PBXFileReference; fileEncoding = 4; lastKnownFileType = sourcecode.swift; path = AppDelegate.swift; sourceTree = "<group>"; };
		F8AEFB611E253EE600B67B5D /* ViewController.swift */ = {isa = PBXFileReference; fileEncoding = 4; lastKnownFileType = sourcecode.swift; path = ViewController.swift; sourceTree = "<group>"; };
		F8AEFB631E253EE600B67B5D /* YHBaseModel.swift */ = {isa = PBXFileReference; fileEncoding = 4; lastKnownFileType = sourcecode.swift; path = YHBaseModel.swift; sourceTree = "<group>"; };
		F8AEFB641E253EE600B67B5D /* YHBaseTableVIewCell.swift */ = {isa = PBXFileReference; fileEncoding = 4; lastKnownFileType = sourcecode.swift; path = YHBaseTableVIewCell.swift; sourceTree = "<group>"; };
		F8AEFB651E253EE600B67B5D /* YHBaseTabLoadVIew.swift */ = {isa = PBXFileReference; fileEncoding = 4; lastKnownFileType = sourcecode.swift; path = YHBaseTabLoadVIew.swift; sourceTree = "<group>"; };
/* End PBXFileReference section */

/* Begin PBXFrameworksBuildPhase section */
		F8AEFB111E25284D00B67B5D /* Frameworks */ = {
			isa = PBXFrameworksBuildPhase;
			buildActionMask = 2147483647;
			files = (
				36653475B0450CD6934FF801 /* Pods_YHReLoadTableView.framework in Frameworks */,
			);
			runOnlyForDeploymentPostprocessing = 0;
		};
		F8AEFB251E25284D00B67B5D /* Frameworks */ = {
			isa = PBXFrameworksBuildPhase;
			buildActionMask = 2147483647;
			files = (
				F65C00BB13D0545E0DB372E0 /* Pods_YHReLoadTableViewTests.framework in Frameworks */,
			);
			runOnlyForDeploymentPostprocessing = 0;
		};
/* End PBXFrameworksBuildPhase section */

/* Begin PBXGroup section */
		0B613C160C4188F9FF0B9E47 /* Frameworks */ = {
			isa = PBXGroup;
			children = (
				F511C438C5CF3062C213A4C5 /* Pods_YHReLoadTableView.framework */,
				C55D5AE2E3949EF12C7015F3 /* Pods_YHReLoadTableViewTests.framework */,
			);
			name = Frameworks;
			sourceTree = "<group>";
		};
		0EB5CD28F8528B31B9F5D971 /* Pods */ = {
			isa = PBXGroup;
			children = (
				761A99CD4474EF5ACD180B88 /* Pods-YHReLoadTableView.debug.xcconfig */,
				0AAA988CD99456AE05386A22 /* Pods-YHReLoadTableView.release.xcconfig */,
				BB534844724649B6CDB30D2F /* Pods-YHReLoadTableViewTests.debug.xcconfig */,
				1A6AC55E0E24C3BABDFD7226 /* Pods-YHReLoadTableViewTests.release.xcconfig */,
			);
			name = Pods;
			sourceTree = "<group>";
		};
		F8AEFB0B1E25284D00B67B5D = {
			isa = PBXGroup;
			children = (
				F8AEFB161E25284D00B67B5D /* YHReLoadTableView */,
				F8AEFB2B1E25284D00B67B5D /* YHReLoadTableViewTests */,
				F8AEFB151E25284D00B67B5D /* Products */,
				0EB5CD28F8528B31B9F5D971 /* Pods */,
				0B613C160C4188F9FF0B9E47 /* Frameworks */,
			);
			sourceTree = "<group>";
		};
		F8AEFB151E25284D00B67B5D /* Products */ = {
			isa = PBXGroup;
			children = (
				F8AEFB141E25284D00B67B5D /* YHReLoadTableView.app */,
				F8AEFB281E25284D00B67B5D /* YHReLoadTableViewTests.xctest */,
			);
			name = Products;
			sourceTree = "<group>";
		};
		F8AEFB161E25284D00B67B5D /* YHReLoadTableView */ = {
			isa = PBXGroup;
			children = (
				F8AEFB581E252A0900B67B5D /* tableVIew */,
				F8AEFB371E25288400B67B5D /* Main.storyboard */,
				F8AEFB1E1E25284D00B67B5D /* Assets.xcassets */,
				F8AEFB3C1E2528A300B67B5D /* YHReLoadTableView-Bridging-Header.h */,
				F8AEFB201E25284D00B67B5D /* LaunchScreen.storyboard */,
				F8AEFB231E25284D00B67B5D /* Info.plist */,
			);
			path = YHReLoadTableView;
			sourceTree = "<group>";
		};
		F8AEFB2B1E25284D00B67B5D /* YHReLoadTableViewTests */ = {
			isa = PBXGroup;
			children = (
				F8AEFB2C1E25284D00B67B5D /* YHReLoadTableViewTests.swift */,
				F8AEFB2E1E25284D00B67B5D /* Info.plist */,
			);
			path = YHReLoadTableViewTests;
			sourceTree = "<group>";
		};
		F8AEFB581E252A0900B67B5D /* tableVIew */ = {
			isa = PBXGroup;
			children = (
				F8AEFB5C1E253EE600B67B5D /* lib */,
				F8AEFB5F1E253EE600B67B5D /* Other */,
				F8AEFB621E253EE600B67B5D /* YHBaseReLoadTableView */,
				F8AEFB401E2528A300B67B5D /* TableViewController1.swift */,
				F8AEFB461E2528A300B67B5D /* YHcell1.swift */,
				F8AEFB3D1E2528A300B67B5D /* model1.swift */,
				F8AEFB3B1E2528A300B67B5D /* TabViewController2.swift */,
				F8AEFB3F1E2528A300B67B5D /* Model2.swift */,
				F8AEFB471E2528A300B67B5D /* YHTableViewCell.swift */,
				F8AEFB591E252BC400B67B5D /* YHTableViewCell.xib */,
			);
			name = tableVIew;
			sourceTree = "<group>";
		};
		F8AEFB5C1E253EE600B67B5D /* lib */ = {
			isa = PBXGroup;
			children = (
				F8AEFB5D1E253EE600B67B5D /* NSObjectExtension.swift */,
				F8AEFB5E1E253EE600B67B5D /* WLRequestTool.swift */,
			);
			path = lib;
			sourceTree = "<group>";
		};
		F8AEFB5F1E253EE600B67B5D /* Other */ = {
			isa = PBXGroup;
			children = (
				F8AEFB601E253EE600B67B5D /* AppDelegate.swift */,
				F8AEFB611E253EE600B67B5D /* ViewController.swift */,
			);
			path = Other;
			sourceTree = "<group>";
		};
		F8AEFB621E253EE600B67B5D /* YHBaseReLoadTableView */ = {
			isa = PBXGroup;
			children = (
				F8AEFB631E253EE600B67B5D /* YHBaseModel.swift */,
				F8AEFB641E253EE600B67B5D /* YHBaseTableVIewCell.swift */,
				F8AEFB651E253EE600B67B5D /* YHBaseTabLoadVIew.swift */,
			);
			path = YHBaseReLoadTableView;
			sourceTree = "<group>";
		};
/* End PBXGroup section */

/* Begin PBXNativeTarget section */
		F8AEFB131E25284D00B67B5D /* YHReLoadTableView */ = {
			isa = PBXNativeTarget;
			buildConfigurationList = F8AEFB311E25284D00B67B5D /* Build configuration list for PBXNativeTarget "YHReLoadTableView" */;
			buildPhases = (
				6E97060176CFF535179F387C /* [CP] Check Pods Manifest.lock */,
				F8AEFB101E25284D00B67B5D /* Sources */,
				F8AEFB111E25284D00B67B5D /* Frameworks */,
				F8AEFB121E25284D00B67B5D /* Resources */,
				DF0D6A8B297FFBAA2D831CB8 /* [CP] Embed Pods Frameworks */,
				41DE0BD04311E2C5219C6BCF /* [CP] Copy Pods Resources */,
			);
			buildRules = (
			);
			dependencies = (
			);
			name = YHReLoadTableView;
			productName = YHReLoadTableView;
			productReference = F8AEFB141E25284D00B67B5D /* YHReLoadTableView.app */;
			productType = "com.apple.product-type.application";
		};
		F8AEFB271E25284D00B67B5D /* YHReLoadTableViewTests */ = {
			isa = PBXNativeTarget;
			buildConfigurationList = F8AEFB341E25284D00B67B5D /* Build configuration list for PBXNativeTarget "YHReLoadTableViewTests" */;
			buildPhases = (
				8E0C96AFEDCEE9EBF51E6C44 /* [CP] Check Pods Manifest.lock */,
				F8AEFB241E25284D00B67B5D /* Sources */,
				F8AEFB251E25284D00B67B5D /* Frameworks */,
				F8AEFB261E25284D00B67B5D /* Resources */,
				1864C413BA05585DB8789339 /* [CP] Embed Pods Frameworks */,
				5919A7D16EE52FEC01DB827D /* [CP] Copy Pods Resources */,
			);
			buildRules = (
			);
			dependencies = (
				F8AEFB2A1E25284D00B67B5D /* PBXTargetDependency */,
			);
			name = YHReLoadTableViewTests;
			productName = YHReLoadTableViewTests;
			productReference = F8AEFB281E25284D00B67B5D /* YHReLoadTableViewTests.xctest */;
			productType = "com.apple.product-type.bundle.unit-test";
		};
/* End PBXNativeTarget section */

/* Begin PBXProject section */
		F8AEFB0C1E25284D00B67B5D /* Project object */ = {
			isa = PBXProject;
			attributes = {
				LastSwiftUpdateCheck = 0820;
				LastUpgradeCheck = 0820;
				ORGANIZATIONNAME = ios;
				TargetAttributes = {
					F8AEFB131E25284D00B67B5D = {
						CreatedOnToolsVersion = 8.2.1;
						DevelopmentTeam = J93L9VJ8CZ;
						LastSwiftMigration = 0820;
						ProvisioningStyle = Automatic;
					};
					F8AEFB271E25284D00B67B5D = {
						CreatedOnToolsVersion = 8.2.1;
						DevelopmentTeam = J93L9VJ8CZ;
						ProvisioningStyle = Automatic;
						TestTargetID = F8AEFB131E25284D00B67B5D;
					};
				};
			};
			buildConfigurationList = F8AEFB0F1E25284D00B67B5D /* Build configuration list for PBXProject "YHReLoadTableView" */;
			compatibilityVersion = "Xcode 3.2";
			developmentRegion = English;
			hasScannedForEncodings = 0;
			knownRegions = (
				en,
				Base,
			);
			mainGroup = F8AEFB0B1E25284D00B67B5D;
			productRefGroup = F8AEFB151E25284D00B67B5D /* Products */;
			projectDirPath = "";
			projectRoot = "";
			targets = (
				F8AEFB131E25284D00B67B5D /* YHReLoadTableView */,
				F8AEFB271E25284D00B67B5D /* YHReLoadTableViewTests */,
			);
		};
/* End PBXProject section */

/* Begin PBXResourcesBuildPhase section */
		F8AEFB121E25284D00B67B5D /* Resources */ = {
			isa = PBXResourcesBuildPhase;
			buildActionMask = 2147483647;
			files = (
				F8AEFB5A1E252BC400B67B5D /* YHTableViewCell.xib in Resources */,
				F8AEFB381E25288400B67B5D /* Main.storyboard in Resources */,
				F8AEFB221E25284D00B67B5D /* LaunchScreen.storyboard in Resources */,
				F8AEFB1F1E25284D00B67B5D /* Assets.xcassets in Resources */,
			);
			runOnlyForDeploymentPostprocessing = 0;
		};
		F8AEFB261E25284D00B67B5D /* Resources */ = {
			isa = PBXResourcesBuildPhase;
			buildActionMask = 2147483647;
			files = (
			);
			runOnlyForDeploymentPostprocessing = 0;
		};
/* End PBXResourcesBuildPhase section */

/* Begin PBXShellScriptBuildPhase section */
		1864C413BA05585DB8789339 /* [CP] Embed Pods Frameworks */ = {
			isa = PBXShellScriptBuildPhase;
			buildActionMask = 2147483647;
			files = (
			);
			inputPaths = (
			);
			name = "[CP] Embed Pods Frameworks";
			outputPaths = (
			);
			runOnlyForDeploymentPostprocessing = 0;
			shellPath = /bin/sh;
			shellScript = "\"${SRCROOT}/Pods/Target Support Files/Pods-YHReLoadTableViewTests/Pods-YHReLoadTableViewTests-frameworks.sh\"\n";
			showEnvVarsInLog = 0;
		};
		41DE0BD04311E2C5219C6BCF /* [CP] Copy Pods Resources */ = {
			isa = PBXShellScriptBuildPhase;
			buildActionMask = 2147483647;
			files = (
			);
			inputPaths = (
			);
			name = "[CP] Copy Pods Resources";
			outputPaths = (
			);
			runOnlyForDeploymentPostprocessing = 0;
			shellPath = /bin/sh;
			shellScript = "\"${SRCROOT}/Pods/Target Support Files/Pods-YHReLoadTableView/Pods-YHReLoadTableView-resources.sh\"\n";
			showEnvVarsInLog = 0;
		};
		5919A7D16EE52FEC01DB827D /* [CP] Copy Pods Resources */ = {
			isa = PBXShellScriptBuildPhase;
			buildActionMask = 2147483647;
			files = (
			);
			inputPaths = (
			);
			name = "[CP] Copy Pods Resources";
			outputPaths = (
			);
			runOnlyForDeploymentPostprocessing = 0;
			shellPath = /bin/sh;
			shellScript = "\"${SRCROOT}/Pods/Target Support Files/Pods-YHReLoadTableViewTests/Pods-YHReLoadTableViewTests-resources.sh\"\n";
			showEnvVarsInLog = 0;
		};
		6E97060176CFF535179F387C /* [CP] Check Pods Manifest.lock */ = {
			isa = PBXShellScriptBuildPhase;
			buildActionMask = 2147483647;
			files = (
			);
			inputPaths = (
			);
			name = "[CP] Check Pods Manifest.lock";
			outputPaths = (
			);
			runOnlyForDeploymentPostprocessing = 0;
			shellPath = /bin/sh;
			shellScript = "diff \"${PODS_ROOT}/../Podfile.lock\" \"${PODS_ROOT}/Manifest.lock\" > /dev/null\nif [ $? != 0 ] ; then\n    # print error to STDERR\n    echo \"error: The sandbox is not in sync with the Podfile.lock. Run 'pod install' or update your CocoaPods installation.\" >&2\n    exit 1\nfi\n";
			showEnvVarsInLog = 0;
		};
		8E0C96AFEDCEE9EBF51E6C44 /* [CP] Check Pods Manifest.lock */ = {
			isa = PBXShellScriptBuildPhase;
			buildActionMask = 2147483647;
			files = (
			);
			inputPaths = (
			);
			name = "[CP] Check Pods Manifest.lock";
			outputPaths = (
			);
			runOnlyForDeploymentPostprocessing = 0;
			shellPath = /bin/sh;
			shellScript = "diff \"${PODS_ROOT}/../Podfile.lock\" \"${PODS_ROOT}/Manifest.lock\" > /dev/null\nif [ $? != 0 ] ; then\n    # print error to STDERR\n    echo \"error: The sandbox is not in sync with the Podfile.lock. Run 'pod install' or update your CocoaPods installation.\" >&2\n    exit 1\nfi\n";
			showEnvVarsInLog = 0;
		};
		DF0D6A8B297FFBAA2D831CB8 /* [CP] Embed Pods Frameworks */ = {
			isa = PBXShellScriptBuildPhase;
			buildActionMask = 2147483647;
			files = (
			);
			inputPaths = (
			);
			name = "[CP] Embed Pods Frameworks";
			outputPaths = (
			);
			runOnlyForDeploymentPostprocessing = 0;
			shellPath = /bin/sh;
			shellScript = "\"${SRCROOT}/Pods/Target Support Files/Pods-YHReLoadTableView/Pods-YHReLoadTableView-frameworks.sh\"\n";
			showEnvVarsInLog = 0;
		};
/* End PBXShellScriptBuildPhase section */

/* Begin PBXSourcesBuildPhase section */
		F8AEFB101E25284D00B67B5D /* Sources */ = {
			isa = PBXSourcesBuildPhase;
			buildActionMask = 2147483647;
			files = (
				F8AEFB691E253EE600B67B5D /* ViewController.swift in Sources */,
				F8AEFB671E253EE600B67B5D /* WLRequestTool.swift in Sources */,
				F8AEFB661E253EE600B67B5D /* NSObjectExtension.swift in Sources */,
				F8AEFB6B1E253EE600B67B5D /* YHBaseTableVIewCell.swift in Sources */,
				F8AEFB6C1E253EE600B67B5D /* YHBaseTabLoadVIew.swift in Sources */,
				F8AEFB4D1E2528A300B67B5D /* TableViewController1.swift in Sources */,
				F8AEFB6A1E253EE600B67B5D /* YHBaseModel.swift in Sources */,
				F8AEFB681E253EE600B67B5D /* AppDelegate.swift in Sources */,
				F8AEFB541E2528A300B67B5D /* YHTableViewCell.swift in Sources */,
				F8AEFB4A1E2528A300B67B5D /* model1.swift in Sources */,
				F8AEFB4C1E2528A300B67B5D /* Model2.swift in Sources */,
				F8AEFB491E2528A300B67B5D /* TabViewController2.swift in Sources */,
				F8AEFB531E2528A300B67B5D /* YHcell1.swift in Sources */,
			);
			runOnlyForDeploymentPostprocessing = 0;
		};
		F8AEFB241E25284D00B67B5D /* Sources */ = {
			isa = PBXSourcesBuildPhase;
			buildActionMask = 2147483647;
			files = (
				F8AEFB2D1E25284D00B67B5D /* YHReLoadTableViewTests.swift in Sources */,
			);
			runOnlyForDeploymentPostprocessing = 0;
		};
/* End PBXSourcesBuildPhase section */

/* Begin PBXTargetDependency section */
		F8AEFB2A1E25284D00B67B5D /* PBXTargetDependency */ = {
			isa = PBXTargetDependency;
			target = F8AEFB131E25284D00B67B5D /* YHReLoadTableView */;
			targetProxy = F8AEFB291E25284D00B67B5D /* PBXContainerItemProxy */;
		};
/* End PBXTargetDependency section */

/* Begin PBXVariantGroup section */
		F8AEFB201E25284D00B67B5D /* LaunchScreen.storyboard */ = {
			isa = PBXVariantGroup;
			children = (
				F8AEFB211E25284D00B67B5D /* Base */,
			);
			name = LaunchScreen.storyboard;
			sourceTree = "<group>";
		};
/* End PBXVariantGroup section */

/* Begin XCBuildConfiguration section */
		F8AEFB2F1E25284D00B67B5D /* Debug */ = {
			isa = XCBuildConfiguration;
			buildSettings = {
				ALWAYS_SEARCH_USER_PATHS = NO;
				CLANG_ANALYZER_NONNULL = YES;
				CLANG_CXX_LANGUAGE_STANDARD = "gnu++0x";
				CLANG_CXX_LIBRARY = "libc++";
				CLANG_ENABLE_MODULES = YES;
				CLANG_ENABLE_OBJC_ARC = YES;
				CLANG_WARN_BOOL_CONVERSION = YES;
				CLANG_WARN_CONSTANT_CONVERSION = YES;
				CLANG_WARN_DIRECT_OBJC_ISA_USAGE = YES_ERROR;
				CLANG_WARN_DOCUMENTATION_COMMENTS = YES;
				CLANG_WARN_EMPTY_BODY = YES;
				CLANG_WARN_ENUM_CONVERSION = YES;
				CLANG_WARN_INFINITE_RECURSION = YES;
				CLANG_WARN_INT_CONVERSION = YES;
				CLANG_WARN_OBJC_ROOT_CLASS = YES_ERROR;
				CLANG_WARN_SUSPICIOUS_MOVE = YES;
				CLANG_WARN_UNREACHABLE_CODE = YES;
				CLANG_WARN__DUPLICATE_METHOD_MATCH = YES;
				"CODE_SIGN_IDENTITY[sdk=iphoneos*]" = "iPhone Developer";
				COPY_PHASE_STRIP = NO;
				DEBUG_INFORMATION_FORMAT = dwarf;
				ENABLE_STRICT_OBJC_MSGSEND = YES;
				ENABLE_TESTABILITY = YES;
				GCC_C_LANGUAGE_STANDARD = gnu99;
				GCC_DYNAMIC_NO_PIC = NO;
				GCC_NO_COMMON_BLOCKS = YES;
				GCC_OPTIMIZATION_LEVEL = 0;
				GCC_PREPROCESSOR_DEFINITIONS = (
					"DEBUG=1",
					"$(inherited)",
				);
				GCC_WARN_64_TO_32_BIT_CONVERSION = YES;
				GCC_WARN_ABOUT_RETURN_TYPE = YES_ERROR;
				GCC_WARN_UNDECLARED_SELECTOR = YES;
				GCC_WARN_UNINITIALIZED_AUTOS = YES_AGGRESSIVE;
				GCC_WARN_UNUSED_FUNCTION = YES;
				GCC_WARN_UNUSED_VARIABLE = YES;
				IPHONEOS_DEPLOYMENT_TARGET = 10.2;
				MTL_ENABLE_DEBUG_INFO = YES;
				ONLY_ACTIVE_ARCH = YES;
				SDKROOT = iphoneos;
				SWIFT_ACTIVE_COMPILATION_CONDITIONS = DEBUG;
				SWIFT_OPTIMIZATION_LEVEL = "-Onone";
			};
			name = Debug;
		};
		F8AEFB301E25284D00B67B5D /* Release */ = {
			isa = XCBuildConfiguration;
			buildSettings = {
				ALWAYS_SEARCH_USER_PATHS = NO;
				CLANG_ANALYZER_NONNULL = YES;
				CLANG_CXX_LANGUAGE_STANDARD = "gnu++0x";
				CLANG_CXX_LIBRARY = "libc++";
				CLANG_ENABLE_MODULES = YES;
				CLANG_ENABLE_OBJC_ARC = YES;
				CLANG_WARN_BOOL_CONVERSION = YES;
				CLANG_WARN_CONSTANT_CONVERSION = YES;
				CLANG_WARN_DIRECT_OBJC_ISA_USAGE = YES_ERROR;
				CLANG_WARN_DOCUMENTATION_COMMENTS = YES;
				CLANG_WARN_EMPTY_BODY = YES;
				CLANG_WARN_ENUM_CONVERSION = YES;
				CLANG_WARN_INFINITE_RECURSION = YES;
				CLANG_WARN_INT_CONVERSION = YES;
				CLANG_WARN_OBJC_ROOT_CLASS = YES_ERROR;
				CLANG_WARN_SUSPICIOUS_MOVE = YES;
				CLANG_WARN_UNREACHABLE_CODE = YES;
				CLANG_WARN__DUPLICATE_METHOD_MATCH = YES;
				"CODE_SIGN_IDENTITY[sdk=iphoneos*]" = "iPhone Developer";
				COPY_PHASE_STRIP = NO;
				DEBUG_INFORMATION_FORMAT = "dwarf-with-dsym";
				ENABLE_NS_ASSERTIONS = NO;
				ENABLE_STRICT_OBJC_MSGSEND = YES;
				GCC_C_LANGUAGE_STANDARD = gnu99;
				GCC_NO_COMMON_BLOCKS = YES;
				GCC_WARN_64_TO_32_BIT_CONVERSION = YES;
				GCC_WARN_ABOUT_RETURN_TYPE = YES_ERROR;
				GCC_WARN_UNDECLARED_SELECTOR = YES;
				GCC_WARN_UNINITIALIZED_AUTOS = YES_AGGRESSIVE;
				GCC_WARN_UNUSED_FUNCTION = YES;
				GCC_WARN_UNUSED_VARIABLE = YES;
				IPHONEOS_DEPLOYMENT_TARGET = 10.2;
				MTL_ENABLE_DEBUG_INFO = NO;
				SDKROOT = iphoneos;
				SWIFT_OPTIMIZATION_LEVEL = "-Owholemodule";
				VALIDATE_PRODUCT = YES;
			};
			name = Release;
		};
		F8AEFB321E25284D00B67B5D /* Debug */ = {
			isa = XCBuildConfiguration;
			baseConfigurationReference = 761A99CD4474EF5ACD180B88 /* Pods-YHReLoadTableView.debug.xcconfig */;
			buildSettings = {
				ASSETCATALOG_COMPILER_APPICON_NAME = AppIcon;
				CLANG_ENABLE_MODULES = YES;
				DEVELOPMENT_TEAM = J93L9VJ8CZ;
				INFOPLIST_FILE = YHReLoadTableView/Info.plist;
				LD_RUNPATH_SEARCH_PATHS = "$(inherited) @executable_path/Frameworks";
				PRODUCT_BUNDLE_IDENTIFIER = com.zhaiwulv.YHReLoadTableView;
				PRODUCT_NAME = "$(TARGET_NAME)";
				SWIFT_OBJC_BRIDGING_HEADER = "YHReLoadTableView/YHReLoadTableView-Bridging-Header.h";
				SWIFT_OPTIMIZATION_LEVEL = "-Onone";
				SWIFT_VERSION = 3.0;
			};
			name = Debug;
		};
		F8AEFB331E25284D00B67B5D /* Release */ = {
			isa = XCBuildConfiguration;
			baseConfigurationReference = 0AAA988CD99456AE05386A22 /* Pods-YHReLoadTableView.release.xcconfig */;
			buildSettings = {
				ASSETCATALOG_COMPILER_APPICON_NAME = AppIcon;
				CLANG_ENABLE_MODULES = YES;
				DEVELOPMENT_TEAM = J93L9VJ8CZ;
				INFOPLIST_FILE = YHReLoadTableView/Info.plist;
				LD_RUNPATH_SEARCH_PATHS = "$(inherited) @executable_path/Frameworks";
				PRODUCT_BUNDLE_IDENTIFIER = com.zhaiwulv.YHReLoadTableView;
				PRODUCT_NAME = "$(TARGET_NAME)";
				SWIFT_OBJC_BRIDGING_HEADER = "YHReLoadTableView/YHReLoadTableView-Bridging-Header.h";
				SWIFT_VERSION = 3.0;
			};
			name = Release;
		};
		F8AEFB351E25284D00B67B5D /* Debug */ = {
			isa = XCBuildConfiguration;
			baseConfigurationReference = BB534844724649B6CDB30D2F /* Pods-YHReLoadTableViewTests.debug.xcconfig */;
			buildSettings = {
				ALWAYS_EMBED_SWIFT_STANDARD_LIBRARIES = YES;
				BUNDLE_LOADER = "$(TEST_HOST)";
				DEVELOPMENT_TEAM = J93L9VJ8CZ;
				INFOPLIST_FILE = YHReLoadTableViewTests/Info.plist;
				LD_RUNPATH_SEARCH_PATHS = "$(inherited) @executable_path/Frameworks @loader_path/Frameworks";
				PRODUCT_BUNDLE_IDENTIFIER = com.zhaiwulv.YHReLoadTableViewTests;
				PRODUCT_NAME = "$(TARGET_NAME)";
				SWIFT_VERSION = 3.0;
				TEST_HOST = "$(BUILT_PRODUCTS_DIR)/YHReLoadTableView.app/YHReLoadTableView";
			};
			name = Debug;
		};
		F8AEFB361E25284D00B67B5D /* Release */ = {
			isa = XCBuildConfiguration;
			baseConfigurationReference = 1A6AC55E0E24C3BABDFD7226 /* Pods-YHReLoadTableViewTests.release.xcconfig */;
			buildSettings = {
				ALWAYS_EMBED_SWIFT_STANDARD_LIBRARIES = YES;
				BUNDLE_LOADER = "$(TEST_HOST)";
				DEVELOPMENT_TEAM = J93L9VJ8CZ;
				INFOPLIST_FILE = YHReLoadTableViewTests/Info.plist;
				LD_RUNPATH_SEARCH_PATHS = "$(inherited) @executable_path/Frameworks @loader_path/Frameworks";
				PRODUCT_BUNDLE_IDENTIFIER = com.zhaiwulv.YHReLoadTableViewTests;
				PRODUCT_NAME = "$(TARGET_NAME)";
				SWIFT_VERSION = 3.0;
				TEST_HOST = "$(BUILT_PRODUCTS_DIR)/YHReLoadTableView.app/YHReLoadTableView";
			};
			name = Release;
		};
/* End XCBuildConfiguration section */

/* Begin XCConfigurationList section */
		F8AEFB0F1E25284D00B67B5D /* Build configuration list for PBXProject "YHReLoadTableView" */ = {
			isa = XCConfigurationList;
			buildConfigurations = (
				F8AEFB2F1E25284D00B67B5D /* Debug */,
				F8AEFB301E25284D00B67B5D /* Release */,
			);
			defaultConfigurationIsVisible = 0;
			defaultConfigurationName = Release;
		};
		F8AEFB311E25284D00B67B5D /* Build configuration list for PBXNativeTarget "YHReLoadTableView" */ = {
			isa = XCConfigurationList;
			buildConfigurations = (
				F8AEFB321E25284D00B67B5D /* Debug */,
				F8AEFB331E25284D00B67B5D /* Release */,
			);
			defaultConfigurationIsVisible = 0;
			defaultConfigurationName = Release;
		};
		F8AEFB341E25284D00B67B5D /* Build configuration list for PBXNativeTarget "YHReLoadTableViewTests" */ = {
			isa = XCConfigurationList;
			buildConfigurations = (
				F8AEFB351E25284D00B67B5D /* Debug */,
				F8AEFB361E25284D00B67B5D /* Release */,
			);
			defaultConfigurationIsVisible = 0;
			defaultConfigurationName = Release;
		};
/* End XCConfigurationList section */
	};
	rootObject = F8AEFB0C1E25284D00B67B5D /* Project object */;
}
